Microsoft Visual Studio Solution File, Format Version 12.00
# Visual Studio Version 17
VisualStudioVersion = 17.14.36414.22
MinimumVisualStudioVersion = 16.0.0.0
Project("{9A19103F-16F7-4668-BE54-9A1E7A4F7556}") = "OpenISLAMU.Blazor", "OpenISLAMU.Blazor\OpenISLAMU.Blazor.csproj", "{6A955E23-24C4-4EB1-B6D3-6825D3B01E8F}"
EndProject
Project("{9A19103F-16F7-4668-BE54-9A1E7A4F7556}") = "OpenISLAMU.Blazor.Client", "OpenISLAMU.Blazor.Client\OpenISLAMU.Blazor.Client.csproj", "{F9EE4FEF-E13A-40FC-8A9F-354AFD35AF3A}"
EndProject
Project("{FAE04EC0-301F-11D3-BF4B-00C04F79EFBC}") = "OpenISLAMU.AppHost", "OpenISLAMU.AppHost\OpenISLAMU.AppHost.csproj", "{8C62B549-2CCC-4552-9918-2E64C6FBF8DE}"
EndProject
Project("{FAE04EC0-301F-11D3-BF4B-00C04F79EFBC}") = "OpenISLAMU.ServiceDefaults", "OpenISLAMU.ServiceDefaults\OpenISLAMU.ServiceDefaults.csproj", "{8A6B9AEA-89BC-CDAC-039F-D781F105DE45}"
EndProject
Global
	GlobalSection(SolutionConfigurationPlatforms) = preSolution
		Debug|Any CPU = Debug|Any CPU
		Debug|x64 = Debug|x64
		Debug|x86 = Debug|x86
		Release|Any CPU = Release|Any CPU
		Release|x64 = Release|x64
		Release|x86 = Release|x86
	EndGlobalSection
	GlobalSection(ProjectConfigurationPlatforms) = postSolution
		{6A955E23-24C4-4EB1-B6D3-6825D3B01E8F}.Debug|Any CPU.ActiveCfg = Debug|Any CPU
		{6A955E23-24C4-4EB1-B6D3-6825D3B01E8F}.Debug|Any CPU.Build.0 = Debug|Any CPU
		{6A955E23-24C4-4EB1-B6D3-6825D3B01E8F}.Debug|x64.ActiveCfg = Debug|Any CPU
		{6A955E23-24C4-4EB1-B6D3-6825D3B01E8F}.Debug|x64.Build.0 = Debug|Any CPU
		{6A955E23-24C4-4EB1-B6D3-6825D3B01E8F}.Debug|x86.ActiveCfg = Debug|Any CPU
		{6A955E23-24C4-4EB1-B6D3-6825D3B01E8F}.Debug|x86.Build.0 = Debug|Any CPU
		{6A955E23-24C4-4EB1-B6D3-6825D3B01E8F}.Release|Any CPU.ActiveCfg = Release|Any CPU
		{6A955E23-24C4-4EB1-B6D3-6825D3B01E8F}.Release|Any CPU.Build.0 = Release|Any CPU
		{6A955E23-24C4-4EB1-B6D3-6825D3B01E8F}.Release|x64.ActiveCfg = Release|Any CPU
		{6A955E23-24C4-4EB1-B6D3-6825D3B01E8F}.Release|x64.Build.0 = Release|Any CPU
		{6A955E23-24C4-4EB1-B6D3-6825D3B01E8F}.Release|x86.ActiveCfg = Release|Any CPU
		{6A955E23-24C4-4EB1-B6D3-6825D3B01E8F}.Release|x86.Build.0 = Release|Any CPU
		{F9EE4FEF-E13A-40FC-8A9F-354AFD35AF3A}.Debug|Any CPU.ActiveCfg = Debug|Any CPU
		{F9EE4FEF-E13A-40FC-8A9F-354AFD35AF3A}.Debug|Any CPU.Build.0 = Debug|Any CPU
		{F9EE4FEF-E13A-40FC-8A9F-354AFD35AF3A}.Debug|x64.ActiveCfg = Debug|Any CPU
		{F9EE4FEF-E13A-40FC-8A9F-354AFD35AF3A}.Debug|x64.Build.0 = Debug|Any CPU
		{F9EE4FEF-E13A-40FC-8A9F-354AFD35AF3A}.Debug|x86.ActiveCfg = Debug|Any CPU
		{F9EE4FEF-E13A-40FC-8A9F-354AFD35AF3A}.Debug|x86.Build.0 = Debug|Any CPU
		{F9EE4FEF-E13A-40FC-8A9F-354AFD35AF3A}.Release|Any CPU.ActiveCfg = Release|Any CPU
		{F9EE4FEF-E13A-40FC-8A9F-354AFD35AF3A}.Release|Any CPU.Build.0 = Release|Any CPU
		{F9EE4FEF-E13A-40FC-8A9F-354AFD35AF3A}.Release|x64.ActiveCfg = Release|Any CPU
		{F9EE4FEF-E13A-40FC-8A9F-354AFD35AF3A}.Release|x64.Build.0 = Release|Any CPU
		{F9EE4FEF-E13A-40FC-8A9F-354AFD35AF3A}.Release|x86.ActiveCfg = Release|Any CPU
		{F9EE4FEF-E13A-40FC-8A9F-354AFD35AF3A}.Release|x86.Build.0 = Release|Any CPU
		{8C62B549-2CCC-4552-9918-2E64C6FBF8DE}.Debug|Any CPU.ActiveCfg = Debug|Any CPU
		{8C62B549-2CCC-4552-9918-2E64C6FBF8DE}.Debug|Any CPU.Build.0 = Debug|Any CPU
		{8C62B549-2CCC-4552-9918-2E64C6FBF8DE}.Debug|x64.ActiveCfg = Debug|Any CPU
		{8C62B549-2CCC-4552-9918-2E64C6FBF8DE}.Debug|x64.Build.0 = Debug|Any CPU
		{8C62B549-2CCC-4552-9918-2E64C6FBF8DE}.Debug|x86.ActiveCfg = Debug|Any CPU
		{8C62B549-2CCC-4552-9918-2E64C6FBF8DE}.Debug|x86.Build.0 = Debug|Any CPU
		{8C62B549-2CCC-4552-9918-2E64C6FBF8DE}.Release|Any CPU.ActiveCfg = Release|Any CPU
		{8C62B549-2CCC-4552-9918-2E64C6FBF8DE}.Release|Any CPU.Build.0 = Release|Any CPU
		{8C62B549-2CCC-4552-9918-2E64C6FBF8DE}.Release|x64.ActiveCfg = Release|Any CPU
		{8C62B549-2CCC-4552-9918-2E64C6FBF8DE}.Release|x64.Build.0 = Release|Any CPU
		{8C62B549-2CCC-4552-9918-2E64C6FBF8DE}.Release|x86.ActiveCfg = Release|Any CPU
		{8C62B549-2CCC-4552-9918-2E64C6FBF8DE}.Release|x86.Build.0 = Release|Any CPU
		{8A6B9AEA-89BC-CDAC-039F-D781F105DE45}.Debug|Any CPU.ActiveCfg = Debug|Any CPU
		{8A6B9AEA-89BC-CDAC-039F-D781F105DE45}.Debug|Any CPU.Build.0 = Debug|Any CPU
		{8A6B9AEA-89BC-CDAC-039F-D781F105DE45}.Debug|x64.ActiveCfg = Debug|Any CPU
		{8A6B9AEA-89BC-CDAC-039F-D781F105DE45}.Debug|x64.Build.0 = Debug|Any CPU
		{8A6B9AEA-89BC-CDAC-039F-D781F105DE45}.Debug|x86.ActiveCfg = Debug|Any CPU
		{8A6B9AEA-89BC-CDAC-039F-D781F105DE45}.Debug|x86.Build.0 = Debug|Any CPU
		{8A6B9AEA-89BC-CDAC-039F-D781F105DE45}.Release|Any CPU.ActiveCfg = Release|Any CPU
		{8A6B9AEA-89BC-CDAC-039F-D781F105DE45}.Release|Any CPU.Build.0 = Release|Any CPU
		{8A6B9AEA-89BC-CDAC-039F-D781F105DE45}.Release|x64.ActiveCfg = Release|Any CPU
		{8A6B9AEA-89BC-CDAC-039F-D781F105DE45}.Release|x64.Build.0 = Release|Any CPU
		{8A6B9AEA-89BC-CDAC-039F-D781F105DE45}.Release|x86.ActiveCfg = Release|Any CPU
		{8A6B9AEA-89BC-CDAC-039F-D781F105DE45}.Release|x86.Build.0 = Release|Any CPU
	EndGlobalSection
	GlobalSection(SolutionProperties) = preSolution
		HideSolutionNode = FALSE
	EndGlobalSection
	GlobalSection(ExtensibilityGlobals) = postSolution
		SolutionGuid = {97AF72C6-150A-4236-A337-17C274270ACA}
	EndGlobalSection
EndGlobal
